// !$*UTF8*$!
{
	archiveVersion = 1;
	classes = {
	};
	objectVersion = 56;
	objects = {

/* Begin PBXBuildFile section */
		3A5174222A21714B0001788E /* CitySelectionViewViewModel.swift in Sources */ = {isa = PBXBuildFile; fileRef = 3A5174212A21714B0001788E /* CitySelectionViewViewModel.swift */; };
		3A89716B2A211E0300348AF3 /* CitySelectionView.swift in Sources */ = {isa = PBXBuildFile; fileRef = 3A89716A2A211E0300348AF3 /* CitySelectionView.swift */; };
		3A89716D2A2121D200348AF3 /* CitySelectionTableViewCell.swift in Sources */ = {isa = PBXBuildFile; fileRef = 3A89716C2A2121D200348AF3 /* CitySelectionTableViewCell.swift */; };
		3A89716F2A21269100348AF3 /* City.swift in Sources */ = {isa = PBXBuildFile; fileRef = 3A89716E2A21269100348AF3 /* City.swift */; };
		3A9795902A241BA100C8151E /* WeatherBigCollectionViewCell.swift in Sources */ = {isa = PBXBuildFile; fileRef = 3A97958F2A241BA100C8151E /* WeatherBigCollectionViewCell.swift */; };
		3AA7C3312A22D29000A08F40 /* CityIDs.swift in Sources */ = {isa = PBXBuildFile; fileRef = 3AA7C3302A22D29000A08F40 /* CityIDs.swift */; };
		3AC2A5692A1E95D800E0F7F4 /* AppDelegate.swift in Sources */ = {isa = PBXBuildFile; fileRef = 3AC2A5682A1E95D800E0F7F4 /* AppDelegate.swift */; };
		3AC2A56B2A1E95D800E0F7F4 /* SceneDelegate.swift in Sources */ = {isa = PBXBuildFile; fileRef = 3AC2A56A2A1E95D800E0F7F4 /* SceneDelegate.swift */; };
		3AC2A56D2A1E95D800E0F7F4 /* TabBarController.swift in Sources */ = {isa = PBXBuildFile; fileRef = 3AC2A56C2A1E95D800E0F7F4 /* TabBarController.swift */; };
		3AC2A5722A1E95D800E0F7F4 /* Assets.xcassets in Resources */ = {isa = PBXBuildFile; fileRef = 3AC2A5712A1E95D800E0F7F4 /* Assets.xcassets */; };
		3AC2A5752A1E95D800E0F7F4 /* LaunchScreen.storyboard in Resources */ = {isa = PBXBuildFile; fileRef = 3AC2A5732A1E95D800E0F7F4 /* LaunchScreen.storyboard */; };
		3AC2A57F2A1E9F9C00E0F7F4 /* WeatherViewController.swift in Sources */ = {isa = PBXBuildFile; fileRef = 3AC2A57E2A1E9F9C00E0F7F4 /* WeatherViewController.swift */; };
		3AC2A5812A1E9FBF00E0F7F4 /* CitySelectionViewController.swift in Sources */ = {isa = PBXBuildFile; fileRef = 3AC2A5802A1E9FBF00E0F7F4 /* CitySelectionViewController.swift */; };
		3AC2A5872A1EA68900E0F7F4 /* WeatherView.swift in Sources */ = {isa = PBXBuildFile; fileRef = 3AC2A5862A1EA68900E0F7F4 /* WeatherView.swift */; };
		3AC2A5892A1EA73000E0F7F4 /* WeatherSmallCollectionViewCell.swift in Sources */ = {isa = PBXBuildFile; fileRef = 3AC2A5882A1EA73000E0F7F4 /* WeatherSmallCollectionViewCell.swift */; };
		3AC2A58B2A1EAAA200E0F7F4 /* Extension.swift in Sources */ = {isa = PBXBuildFile; fileRef = 3AC2A58A2A1EAAA200E0F7F4 /* Extension.swift */; };
		3AE8E61A2A1FDA950017D597 /* WeatherData.swift in Sources */ = {isa = PBXBuildFile; fileRef = 3AE8E6192A1FDA950017D597 /* WeatherData.swift */; };
		3AE8E61C2A1FDB070017D597 /* city.list.json in Resources */ = {isa = PBXBuildFile; fileRef = 3AE8E61B2A1FDB070017D597 /* city.list.json */; };
		3AE8E6202A1FE3060017D597 /* APIManager.swift in Sources */ = {isa = PBXBuildFile; fileRef = 3AE8E61F2A1FE3060017D597 /* APIManager.swift */; };
		3AE8E6222A1FE33C0017D597 /* ServiceManager.swift in Sources */ = {isa = PBXBuildFile; fileRef = 3AE8E6212A1FE33C0017D597 /* ServiceManager.swift */; };
		3AE8E6262A2006FC0017D597 /* WeatherViewViewModel.swift in Sources */ = {isa = PBXBuildFile; fileRef = 3AE8E6252A2006FC0017D597 /* WeatherViewViewModel.swift */; };
/* End PBXBuildFile section */

/* Begin PBXFileReference section */
		3A5174212A21714B0001788E /* CitySelectionViewViewModel.swift */ = {isa = PBXFileReference; lastKnownFileType = sourcecode.swift; path = CitySelectionViewViewModel.swift; sourceTree = "<group>"; };
		3A89716A2A211E0300348AF3 /* CitySelectionView.swift */ = {isa = PBXFileReference; lastKnownFileType = sourcecode.swift; path = CitySelectionView.swift; sourceTree = "<group>"; };
		3A89716C2A2121D200348AF3 /* CitySelectionTableViewCell.swift */ = {isa = PBXFileReference; lastKnownFileType = sourcecode.swift; path = CitySelectionTableViewCell.swift; sourceTree = "<group>"; };
		3A89716E2A21269100348AF3 /* City.swift */ = {isa = PBXFileReference; lastKnownFileType = sourcecode.swift; path = City.swift; sourceTree = "<group>"; };
		3A97958F2A241BA100C8151E /* WeatherBigCollectionViewCell.swift */ = {isa = PBXFileReference; lastKnownFileType = sourcecode.swift; path = WeatherBigCollectionViewCell.swift; sourceTree = "<group>"; };
		3AA7C3302A22D29000A08F40 /* CityIDs.swift */ = {isa = PBXFileReference; lastKnownFileType = sourcecode.swift; path = CityIDs.swift; sourceTree = "<group>"; };
		3AC2A5652A1E95D800E0F7F4 /* SimpleWeatherApp.app */ = {isa = PBXFileReference; explicitFileType = wrapper.application; includeInIndex = 0; path = SimpleWeatherApp.app; sourceTree = BUILT_PRODUCTS_DIR; };
		3AC2A5682A1E95D800E0F7F4 /* AppDelegate.swift */ = {isa = PBXFileReference; lastKnownFileType = sourcecode.swift; path = AppDelegate.swift; sourceTree = "<group>"; };
		3AC2A56A2A1E95D800E0F7F4 /* SceneDelegate.swift */ = {isa = PBXFileReference; lastKnownFileType = sourcecode.swift; path = SceneDelegate.swift; sourceTree = "<group>"; };
		3AC2A56C2A1E95D800E0F7F4 /* TabBarController.swift */ = {isa = PBXFileReference; lastKnownFileType = sourcecode.swift; path = TabBarController.swift; sourceTree = "<group>"; };
		3AC2A5712A1E95D800E0F7F4 /* Assets.xcassets */ = {isa = PBXFileReference; lastKnownFileType = folder.assetcatalog; path = Assets.xcassets; sourceTree = "<group>"; };
		3AC2A5742A1E95D800E0F7F4 /* Base */ = {isa = PBXFileReference; lastKnownFileType = file.storyboard; name = Base; path = Base.lproj/LaunchScreen.storyboard; sourceTree = "<group>"; };
		3AC2A5762A1E95D800E0F7F4 /* Info.plist */ = {isa = PBXFileReference; lastKnownFileType = text.plist.xml; path = Info.plist; sourceTree = "<group>"; };
		3AC2A57E2A1E9F9C00E0F7F4 /* WeatherViewController.swift */ = {isa = PBXFileReference; lastKnownFileType = sourcecode.swift; path = WeatherViewController.swift; sourceTree = "<group>"; };
		3AC2A5802A1E9FBF00E0F7F4 /* CitySelectionViewController.swift */ = {isa = PBXFileReference; lastKnownFileType = sourcecode.swift; path = CitySelectionViewController.swift; sourceTree = "<group>"; };
		3AC2A5862A1EA68900E0F7F4 /* WeatherView.swift */ = {isa = PBXFileReference; lastKnownFileType = sourcecode.swift; path = WeatherView.swift; sourceTree = "<group>"; };
		3AC2A5882A1EA73000E0F7F4 /* WeatherSmallCollectionViewCell.swift */ = {isa = PBXFileReference; lastKnownFileType = sourcecode.swift; path = WeatherSmallCollectionViewCell.swift; sourceTree = "<group>"; };
		3AC2A58A2A1EAAA200E0F7F4 /* Extension.swift */ = {isa = PBXFileReference; lastKnownFileType = sourcecode.swift; path = Extension.swift; sourceTree = "<group>"; };
		3AE8E6192A1FDA950017D597 /* WeatherData.swift */ = {isa = PBXFileReference; lastKnownFileType = sourcecode.swift; path = WeatherData.swift; sourceTree = "<group>"; };
		3AE8E61B2A1FDB070017D597 /* city.list.json */ = {isa = PBXFileReference; fileEncoding = 4; lastKnownFileType = text.json; path = city.list.json; sourceTree = "<group>"; };
		3AE8E61F2A1FE3060017D597 /* APIManager.swift */ = {isa = PBXFileReference; lastKnownFileType = sourcecode.swift; path = APIManager.swift; sourceTree = "<group>"; };
		3AE8E6212A1FE33C0017D597 /* ServiceManager.swift */ = {isa = PBXFileReference; lastKnownFileType = sourcecode.swift; path = ServiceManager.swift; sourceTree = "<group>"; };
		3AE8E6252A2006FC0017D597 /* WeatherViewViewModel.swift */ = {isa = PBXFileReference; lastKnownFileType = sourcecode.swift; path = WeatherViewViewModel.swift; sourceTree = "<group>"; };
/* End PBXFileReference section */

/* Begin PBXFrameworksBuildPhase section */
		3AC2A5622A1E95D800E0F7F4 /* Frameworks */ = {
			isa = PBXFrameworksBuildPhase;
			buildActionMask = 2147483647;
			files = (
			);
			runOnlyForDeploymentPostprocessing = 0;
		};
/* End PBXFrameworksBuildPhase section */

/* Begin PBXGroup section */
		3AC2A55C2A1E95D800E0F7F4 = {
			isa = PBXGroup;
			children = (
				3AC2A5672A1E95D800E0F7F4 /* SimpleWeatherApp */,
				3AC2A5662A1E95D800E0F7F4 /* Products */,
			);
			sourceTree = "<group>";
		};
		3AC2A5662A1E95D800E0F7F4 /* Products */ = {
			isa = PBXGroup;
			children = (
				3AC2A5652A1E95D800E0F7F4 /* SimpleWeatherApp.app */,
			);
			name = Products;
			sourceTree = "<group>";
		};
		3AC2A5672A1E95D800E0F7F4 /* SimpleWeatherApp */ = {
			isa = PBXGroup;
			children = (
				3AE8E61D2A1FE2BF0017D597 /* APIClient */,
				3AC2A57D2A1E9E0000E0F7F4 /* Resources */,
				3AC2A57C2A1E9DD300E0F7F4 /* Controllers */,
				3AC2A5852A1EA61D00E0F7F4 /* ViewModels */,
				3AC2A5842A1EA61800E0F7F4 /* Views */,
				3AC2A5832A1EA60500E0F7F4 /* Models */,
				3AC2A5762A1E95D800E0F7F4 /* Info.plist */,
				3AE8E61B2A1FDB070017D597 /* city.list.json */,
			);
			path = SimpleWeatherApp;
			sourceTree = "<group>";
		};
		3AC2A57C2A1E9DD300E0F7F4 /* Controllers */ = {
			isa = PBXGroup;
			children = (
				3AC2A56C2A1E95D800E0F7F4 /* TabBarController.swift */,
				3AC2A57E2A1E9F9C00E0F7F4 /* WeatherViewController.swift */,
				3AC2A5802A1E9FBF00E0F7F4 /* CitySelectionViewController.swift */,
			);
			path = Controllers;
			sourceTree = "<group>";
		};
		3AC2A57D2A1E9E0000E0F7F4 /* Resources */ = {
			isa = PBXGroup;
			children = (
				3AC2A5682A1E95D800E0F7F4 /* AppDelegate.swift */,
				3AC2A56A2A1E95D800E0F7F4 /* SceneDelegate.swift */,
				3AC2A5732A1E95D800E0F7F4 /* LaunchScreen.storyboard */,
				3AC2A5712A1E95D800E0F7F4 /* Assets.xcassets */,
				3AC2A58A2A1EAAA200E0F7F4 /* Extension.swift */,
				3AA7C3302A22D29000A08F40 /* CityIDs.swift */,
			);
			path = Resources;
			sourceTree = "<group>";
		};
		3AC2A5832A1EA60500E0F7F4 /* Models */ = {
			isa = PBXGroup;
			children = (
				3AE8E6192A1FDA950017D597 /* WeatherData.swift */,
				3A89716E2A21269100348AF3 /* City.swift */,
			);
			path = Models;
			sourceTree = "<group>";
		};
		3AC2A5842A1EA61800E0F7F4 /* Views */ = {
			isa = PBXGroup;
			children = (
				3AC2A5862A1EA68900E0F7F4 /* WeatherView.swift */,
				3AC2A5882A1EA73000E0F7F4 /* WeatherSmallCollectionViewCell.swift */,
				3A89716A2A211E0300348AF3 /* CitySelectionView.swift */,
				3A89716C2A2121D200348AF3 /* CitySelectionTableViewCell.swift */,
				3A97958F2A241BA100C8151E /* WeatherBigCollectionViewCell.swift */,
			);
			path = Views;
			sourceTree = "<group>";
		};
		3AC2A5852A1EA61D00E0F7F4 /* ViewModels */ = {
			isa = PBXGroup;
			children = (
				3AE8E6252A2006FC0017D597 /* WeatherViewViewModel.swift */,
				3A5174212A21714B0001788E /* CitySelectionViewViewModel.swift */,
			);
			path = ViewModels;
			sourceTree = "<group>";
		};
		3AE8E61D2A1FE2BF0017D597 /* APIClient */ = {
			isa = PBXGroup;
			children = (
				3AE8E61F2A1FE3060017D597 /* APIManager.swift */,
				3AE8E6212A1FE33C0017D597 /* ServiceManager.swift */,
			);
			path = APIClient;
			sourceTree = "<group>";
		};
/* End PBXGroup section */

/* Begin PBXNativeTarget section */
		3AC2A5642A1E95D800E0F7F4 /* SimpleWeatherApp */ = {
			isa = PBXNativeTarget;
			buildConfigurationList = 3AC2A5792A1E95D800E0F7F4 /* Build configuration list for PBXNativeTarget "SimpleWeatherApp" */;
			buildPhases = (
				3AC2A5612A1E95D800E0F7F4 /* Sources */,
				3AC2A5622A1E95D800E0F7F4 /* Frameworks */,
				3AC2A5632A1E95D800E0F7F4 /* Resources */,
			);
			buildRules = (
			);
			dependencies = (
			);
			name = SimpleWeatherApp;
			productName = SimpleWeatherApp;
			productReference = 3AC2A5652A1E95D800E0F7F4 /* SimpleWeatherApp.app */;
			productType = "com.apple.product-type.application";
		};
/* End PBXNativeTarget section */

/* Begin PBXProject section */
		3AC2A55D2A1E95D800E0F7F4 /* Project object */ = {
			isa = PBXProject;
			attributes = {
				BuildIndependentTargetsInParallel = 1;
				LastSwiftUpdateCheck = 1430;
				LastUpgradeCheck = 1430;
				TargetAttributes = {
					3AC2A5642A1E95D800E0F7F4 = {
						CreatedOnToolsVersion = 14.3;
					};
				};
			};
			buildConfigurationList = 3AC2A5602A1E95D800E0F7F4 /* Build configuration list for PBXProject "SimpleWeatherApp" */;
			compatibilityVersion = "Xcode 14.0";
			developmentRegion = en;
			hasScannedForEncodings = 0;
			knownRegions = (
				en,
				Base,
			);
			mainGroup = 3AC2A55C2A1E95D800E0F7F4;
			productRefGroup = 3AC2A5662A1E95D800E0F7F4 /* Products */;
			projectDirPath = "";
			projectRoot = "";
			targets = (
				3AC2A5642A1E95D800E0F7F4 /* SimpleWeatherApp */,
			);
		};
/* End PBXProject section */

/* Begin PBXResourcesBuildPhase section */
		3AC2A5632A1E95D800E0F7F4 /* Resources */ = {
			isa = PBXResourcesBuildPhase;
			buildActionMask = 2147483647;
			files = (
				3AC2A5752A1E95D800E0F7F4 /* LaunchScreen.storyboard in Resources */,
				3AC2A5722A1E95D800E0F7F4 /* Assets.xcassets in Resources */,
				3AE8E61C2A1FDB070017D597 /* city.list.json in Resources */,
			);
			runOnlyForDeploymentPostprocessing = 0;
		};
/* End PBXResourcesBuildPhase section */

/* Begin PBXSourcesBuildPhase section */
		3AC2A5612A1E95D800E0F7F4 /* Sources */ = {
			isa = PBXSourcesBuildPhase;
			buildActionMask = 2147483647;
			files = (
				3A9795902A241BA100C8151E /* WeatherBigCollectionViewCell.swift in Sources */,
				3AE8E6262A2006FC0017D597 /* WeatherViewViewModel.swift in Sources */,
				3AE8E6222A1FE33C0017D597 /* ServiceManager.swift in Sources */,
				3AA7C3312A22D29000A08F40 /* CityIDs.swift in Sources */,
				3A5174222A21714B0001788E /* CitySelectionViewViewModel.swift in Sources */,
				3AC2A56D2A1E95D800E0F7F4 /* TabBarController.swift in Sources */,
				3AC2A57F2A1E9F9C00E0F7F4 /* WeatherViewController.swift in Sources */,
				3AE8E6202A1FE3060017D597 /* APIManager.swift in Sources */,
				3AC2A5812A1E9FBF00E0F7F4 /* CitySelectionViewController.swift in Sources */,
				3A89716D2A2121D200348AF3 /* CitySelectionTableViewCell.swift in Sources */,
				3AC2A5872A1EA68900E0F7F4 /* WeatherView.swift in Sources */,
				3AE8E61A2A1FDA950017D597 /* WeatherData.swift in Sources */,
				3A89716B2A211E0300348AF3 /* CitySelectionView.swift in Sources */,
				3AC2A5692A1E95D800E0F7F4 /* AppDelegate.swift in Sources */,
				3A89716F2A21269100348AF3 /* City.swift in Sources */,
				3AC2A56B2A1E95D800E0F7F4 /* SceneDelegate.swift in Sources */,
				3AC2A5892A1EA73000E0F7F4 /* WeatherSmallCollectionViewCell.swift in Sources */,
				3AC2A58B2A1EAAA200E0F7F4 /* Extension.swift in Sources */,
			);
			runOnlyForDeploymentPostprocessing = 0;
		};
/* End PBXSourcesBuildPhase section */

/* Begin PBXVariantGroup section */
		3AC2A5732A1E95D800E0F7F4 /* LaunchScreen.storyboard */ = {
			isa = PBXVariantGroup;
			children = (
				3AC2A5742A1E95D800E0F7F4 /* Base */,
			);
			name = LaunchScreen.storyboard;
			sourceTree = "<group>";
		};
/* End PBXVariantGroup section */

/* Begin XCBuildConfiguration section */
		3AC2A5772A1E95D800E0F7F4 /* Debug */ = {
			isa = XCBuildConfiguration;
			buildSettings = {
				ALWAYS_SEARCH_USER_PATHS = NO;
				CLANG_ANALYZER_NONNULL = YES;
				CLANG_ANALYZER_NUMBER_OBJECT_CONVERSION = YES_AGGRESSIVE;
				CLANG_CXX_LANGUAGE_STANDARD = "gnu++20";
				CLANG_ENABLE_MODULES = YES;
				CLANG_ENABLE_OBJC_ARC = YES;
				CLANG_ENABLE_OBJC_WEAK = YES;
				CLANG_WARN_BLOCK_CAPTURE_AUTORELEASING = YES;
				CLANG_WARN_BOOL_CONVERSION = YES;
				CLANG_WARN_COMMA = YES;
				CLANG_WARN_CONSTANT_CONVERSION = YES;
				CLANG_WARN_DEPRECATED_OBJC_IMPLEMENTATIONS = YES;
				CLANG_WARN_DIRECT_OBJC_ISA_USAGE = YES_ERROR;
				CLANG_WARN_DOCUMENTATION_COMMENTS = YES;
				CLANG_WARN_EMPTY_BODY = YES;
				CLANG_WARN_ENUM_CONVERSION = YES;
				CLANG_WARN_INFINITE_RECURSION = YES;
				CLANG_WARN_INT_CONVERSION = YES;
				CLANG_WARN_NON_LITERAL_NULL_CONVERSION = YES;
				CLANG_WARN_OBJC_IMPLICIT_RETAIN_SELF = YES;
				CLANG_WARN_OBJC_LITERAL_CONVERSION = YES;
				CLANG_WARN_OBJC_ROOT_CLASS = YES_ERROR;
				CLANG_WARN_QUOTED_INCLUDE_IN_FRAMEWORK_HEADER = YES;
				CLANG_WARN_RANGE_LOOP_ANALYSIS = YES;
				CLANG_WARN_STRICT_PROTOTYPES = YES;
				CLANG_WARN_SUSPICIOUS_MOVE = YES;
				CLANG_WARN_UNGUARDED_AVAILABILITY = YES_AGGRESSIVE;
				CLANG_WARN_UNREACHABLE_CODE = YES;
				CLANG_WARN__DUPLICATE_METHOD_MATCH = YES;
				COPY_PHASE_STRIP = NO;
				DEBUG_INFORMATION_FORMAT = dwarf;
				ENABLE_STRICT_OBJC_MSGSEND = YES;
				ENABLE_TESTABILITY = YES;
				GCC_C_LANGUAGE_STANDARD = gnu11;
				GCC_DYNAMIC_NO_PIC = NO;
				GCC_NO_COMMON_BLOCKS = YES;
				GCC_OPTIMIZATION_LEVEL = 0;
				GCC_PREPROCESSOR_DEFINITIONS = (
					"DEBUG=1",
					"$(inherited)",
				);
				GCC_WARN_64_TO_32_BIT_CONVERSION = YES;
				GCC_WARN_ABOUT_RETURN_TYPE = YES_ERROR;
				GCC_WARN_UNDECLARED_SELECTOR = YES;
				GCC_WARN_UNINITIALIZED_AUTOS = YES_AGGRESSIVE;
				GCC_WARN_UNUSED_FUNCTION = YES;
				GCC_WARN_UNUSED_VARIABLE = YES;
				IPHONEOS_DEPLOYMENT_TARGET = 16.4;
				MTL_ENABLE_DEBUG_INFO = INCLUDE_SOURCE;
				MTL_FAST_MATH = YES;
				ONLY_ACTIVE_ARCH = YES;
				SDKROOT = iphoneos;
				SWIFT_ACTIVE_COMPILATION_CONDITIONS = DEBUG;
				SWIFT_OPTIMIZATION_LEVEL = "-Onone";
			};
			name = Debug;
		};
		3AC2A5782A1E95D800E0F7F4 /* Release */ = {
			isa = XCBuildConfiguration;
			buildSettings = {
				ALWAYS_SEARCH_USER_PATHS = NO;
				CLANG_ANALYZER_NONNULL = YES;
				CLANG_ANALYZER_NUMBER_OBJECT_CONVERSION = YES_AGGRESSIVE;
				CLANG_CXX_LANGUAGE_STANDARD = "gnu++20";
				CLANG_ENABLE_MODULES = YES;
				CLANG_ENABLE_OBJC_ARC = YES;
				CLANG_ENABLE_OBJC_WEAK = YES;
				CLANG_WARN_BLOCK_CAPTURE_AUTORELEASING = YES;
				CLANG_WARN_BOOL_CONVERSION = YES;
				CLANG_WARN_COMMA = YES;
				CLANG_WARN_CONSTANT_CONVERSION = YES;
				CLANG_WARN_DEPRECATED_OBJC_IMPLEMENTATIONS = YES;
				CLANG_WARN_DIRECT_OBJC_ISA_USAGE = YES_ERROR;
				CLANG_WARN_DOCUMENTATION_COMMENTS = YES;
				CLANG_WARN_EMPTY_BODY = YES;
				CLANG_WARN_ENUM_CONVERSION = YES;
				CLANG_WARN_INFINITE_RECURSION = YES;
				CLANG_WARN_INT_CONVERSION = YES;
				CLANG_WARN_NON_LITERAL_NULL_CONVERSION = YES;
				CLANG_WARN_OBJC_IMPLICIT_RETAIN_SELF = YES;
				CLANG_WARN_OBJC_LITERAL_CONVERSION = YES;
				CLANG_WARN_OBJC_ROOT_CLASS = YES_ERROR;
				CLANG_WARN_QUOTED_INCLUDE_IN_FRAMEWORK_HEADER = YES;
				CLANG_WARN_RANGE_LOOP_ANALYSIS = YES;
				CLANG_WARN_STRICT_PROTOTYPES = YES;
				CLANG_WARN_SUSPICIOUS_MOVE = YES;
				CLANG_WARN_UNGUARDED_AVAILABILITY = YES_AGGRESSIVE;
				CLANG_WARN_UNREACHABLE_CODE = YES;
				CLANG_WARN__DUPLICATE_METHOD_MATCH = YES;
				COPY_PHASE_STRIP = NO;
				DEBUG_INFORMATION_FORMAT = "dwarf-with-dsym";
				ENABLE_NS_ASSERTIONS = NO;
				ENABLE_STRICT_OBJC_MSGSEND = YES;
				GCC_C_LANGUAGE_STANDARD = gnu11;
				GCC_NO_COMMON_BLOCKS = YES;
				GCC_WARN_64_TO_32_BIT_CONVERSION = YES;
				GCC_WARN_ABOUT_RETURN_TYPE = YES_ERROR;
				GCC_WARN_UNDECLARED_SELECTOR = YES;
				GCC_WARN_UNINITIALIZED_AUTOS = YES_AGGRESSIVE;
				GCC_WARN_UNUSED_FUNCTION = YES;
				GCC_WARN_UNUSED_VARIABLE = YES;
				IPHONEOS_DEPLOYMENT_TARGET = 16.4;
				MTL_ENABLE_DEBUG_INFO = NO;
				MTL_FAST_MATH = YES;
				SDKROOT = iphoneos;
				SWIFT_COMPILATION_MODE = wholemodule;
				SWIFT_OPTIMIZATION_LEVEL = "-O";
				VALIDATE_PRODUCT = YES;
			};
			name = Release;
		};
		3AC2A57A2A1E95D800E0F7F4 /* Debug */ = {
			isa = XCBuildConfiguration;
			buildSettings = {
				ASSETCATALOG_COMPILER_APPICON_NAME = AppIcon;
				ASSETCATALOG_COMPILER_GLOBAL_ACCENT_COLOR_NAME = AccentColor;
				CODE_SIGN_STYLE = Automatic;
				CURRENT_PROJECT_VERSION = 1;
				DEVELOPMENT_TEAM = 6GB2DUG9QB;
				GENERATE_INFOPLIST_FILE = YES;
				INFOPLIST_FILE = SimpleWeatherApp/Info.plist;
				INFOPLIST_KEY_UIApplicationSupportsIndirectInputEvents = YES;
				INFOPLIST_KEY_UILaunchStoryboardName = LaunchScreen;
				INFOPLIST_KEY_UISupportedInterfaceOrientations_iPad = "UIInterfaceOrientationPortrait UIInterfaceOrientationPortraitUpsideDown UIInterfaceOrientationLandscapeLeft UIInterfaceOrientationLandscapeRight";
				INFOPLIST_KEY_UISupportedInterfaceOrientations_iPhone = "UIInterfaceOrientationPortrait UIInterfaceOrientationLandscapeLeft UIInterfaceOrientationLandscapeRight";
				LD_RUNPATH_SEARCH_PATHS = (
					"$(inherited)",
					"@executable_path/Frameworks",
				);
				MARKETING_VERSION = 1.0;
				PRODUCT_BUNDLE_IDENTIFIER = me.ilgin.SimpleWeatherApp;
				PRODUCT_NAME = "$(TARGET_NAME)";
				SUPPORTED_PLATFORMS = "iphoneos iphonesimulator";
				SUPPORTS_MACCATALYST = NO;
				SUPPORTS_MAC_DESIGNED_FOR_IPHONE_IPAD = NO;
				SWIFT_EMIT_LOC_STRINGS = YES;
				SWIFT_VERSION = 5.0;
				TARGETED_DEVICE_FAMILY = 1;
			};
			name = Debug;
		};
		3AC2A57B2A1E95D800E0F7F4 /* Release */ = {
			isa = XCBuildConfiguration;
			buildSettings = {
				ASSETCATALOG_COMPILER_APPICON_NAME = AppIcon;
				ASSETCATALOG_COMPILER_GLOBAL_ACCENT_COLOR_NAME = AccentColor;
				CODE_SIGN_STYLE = Automatic;
				CURRENT_PROJECT_VERSION = 1;
				DEVELOPMENT_TEAM = 6GB2DUG9QB;
				GENERATE_INFOPLIST_FILE = YES;
				INFOPLIST_FILE = SimpleWeatherApp/Info.plist;
				INFOPLIST_KEY_UIApplicationSupportsIndirectInputEvents = YES;
				INFOPLIST_KEY_UILaunchStoryboardName = LaunchScreen;
				INFOPLIST_KEY_UISupportedInterfaceOrientations_iPad = "UIInterfaceOrientationPortrait UIInterfaceOrientationPortraitUpsideDown UIInterfaceOrientationLandscapeLeft UIInterfaceOrientationLandscapeRight";
				INFOPLIST_KEY_UISupportedInterfaceOrientations_iPhone = "UIInterfaceOrientationPortrait UIInterfaceOrientationLandscapeLeft UIInterfaceOrientationLandscapeRight";
				LD_RUNPATH_SEARCH_PATHS = (
					"$(inherited)",
					"@executable_path/Frameworks",
				);
				MARKETING_VERSION = 1.0;
				PRODUCT_BUNDLE_IDENTIFIER = me.ilgin.SimpleWeatherApp;
				PRODUCT_NAME = "$(TARGET_NAME)";
				SUPPORTED_PLATFORMS = "iphoneos iphonesimulator";
				SUPPORTS_MACCATALYST = NO;
				SUPPORTS_MAC_DESIGNED_FOR_IPHONE_IPAD = NO;
				SWIFT_EMIT_LOC_STRINGS = YES;
				SWIFT_VERSION = 5.0;
				TARGETED_DEVICE_FAMILY = 1;
			};
			name = Release;
		};
/* End XCBuildConfiguration section */

/* Begin XCConfigurationList section */
		3AC2A5602A1E95D800E0F7F4 /* Build configuration list for PBXProject "SimpleWeatherApp" */ = {
			isa = XCConfigurationList;
			buildConfigurations = (
				3AC2A5772A1E95D800E0F7F4 /* Debug */,
				3AC2A5782A1E95D800E0F7F4 /* Release */,
			);
			defaultConfigurationIsVisible = 0;
			defaultConfigurationName = Release;
		};
		3AC2A5792A1E95D800E0F7F4 /* Build configuration list for PBXNativeTarget "SimpleWeatherApp" */ = {
			isa = XCConfigurationList;
			buildConfigurations = (
				3AC2A57A2A1E95D800E0F7F4 /* Debug */,
				3AC2A57B2A1E95D800E0F7F4 /* Release */,
			);
			defaultConfigurationIsVisible = 0;
			defaultConfigurationName = Release;
		};
/* End XCConfigurationList section */
	};
	rootObject = 3AC2A55D2A1E95D800E0F7F4 /* Project object */;
}
